
Microsoft Visual Studio Solution File, Format Version 12.00
# Visual Studio Version 17
VisualStudioVersion = 17.10.35013.160
MinimumVisualStudioVersion = 10.0.40219.1
Project("{9A19103F-16F7-4668-BE54-9A1E7A4F7556}") = "CityInfo.API", "CityInfo.API\CityInfo.API.csproj", "{D811A164-054F-49E4-A4DC-ECA71019C940}"
EndProject
Project("{2150E333-8FDC-42A3-9474-1A3956D46DE8}") = "Solution Items", "Solution Items", "{23BE70E4-18CC-46C3-A107-D6FB72C6984D}"
EndProject
Global
	GlobalSection(SolutionConfigurationPlatforms) = preSolution
		Debug|Any CPU = Debug|Any CPU
		Release|Any CPU = Release|Any CPU
	EndGlobalSection
	GlobalSection(ProjectConfigurationPlatforms) = postSolution
		{D811A164-054F-49E4-A4DC-ECA71019C940}.Debug|Any CPU.ActiveCfg = Debug|Any CPU
		{D811A164-054F-49E4-A4DC-ECA71019C940}.Debug|Any CPU.Build.0 = Debug|Any CPU
		{D811A164-054F-49E4-A4DC-ECA71019C940}.Release|Any CPU.ActiveCfg = Release|Any CPU
		{D811A164-054F-49E4-A4DC-ECA71019C940}.Release|Any CPU.Build.0 = Release|Any CPU
	EndGlobalSection
	GlobalSection(SolutionProperties) = preSolution
		HideSolutionNode = FALSE
	EndGlobalSection
	GlobalSection(ExtensibilityGlobals) = postSolution
		SolutionGuid = {D75B3E87-6990-4BBA-B399-914CCC943CAD}
	EndGlobalSection
EndGlobal
